
Microsoft Visual Studio Solution File, Format Version 12.00
# Visual Studio Version 17
VisualStudioVersion = 17.4.33213.308
MinimumVisualStudioVersion = 10.0.40219.1
Project("{9A19103F-16F7-4668-BE54-9A1E7A4F7556}") = "TikTokVideoObservation", "TikTokVideoObservation\TikTokVideoObservation.csproj", "{37E35426-16FE-403C-A23E-673317950322}"
EndProject
Project("{9A19103F-16F7-4668-BE54-9A1E7A4F7556}") = "TestProject", "TestProject\TestProject.csproj", "{0CCE29A6-B5D8-404A-9818-AC23280158A6}"
EndProject
Global
	GlobalSection(SolutionConfigurationPlatforms) = preSolution
		Debug|Any CPU = Debug|Any CPU
		Release|Any CPU = Release|Any CPU
	EndGlobalSection
	GlobalSection(ProjectConfigurationPlatforms) = postSolution
		{37E35426-16FE-403C-A23E-673317950322}.Debug|Any CPU.ActiveCfg = Debug|Any CPU
		{37E35426-16FE-403C-A23E-673317950322}.Debug|Any CPU.Build.0 = Debug|Any CPU
		{37E35426-16FE-403C-A23E-673317950322}.Release|Any CPU.ActiveCfg = Release|Any CPU
		{37E35426-16FE-403C-A23E-673317950322}.Release|Any CPU.Build.0 = Release|Any CPU
		{0CCE29A6-B5D8-404A-9818-AC23280158A6}.Debug|Any CPU.ActiveCfg = Debug|Any CPU
		{0CCE29A6-B5D8-404A-9818-AC23280158A6}.Debug|Any CPU.Build.0 = Debug|Any CPU
		{0CCE29A6-B5D8-404A-9818-AC23280158A6}.Release|Any CPU.ActiveCfg = Release|Any CPU
		{0CCE29A6-B5D8-404A-9818-AC23280158A6}.Release|Any CPU.Build.0 = Release|Any CPU
	EndGlobalSection
	GlobalSection(SolutionProperties) = preSolution
		HideSolutionNode = FALSE
	EndGlobalSection
	GlobalSection(ExtensibilityGlobals) = postSolution
		SolutionGuid = {74AD7DD9-E54D-483B-B986-544727FEADB4}
	EndGlobalSection
EndGlobal
